
Microsoft Visual Studio Solution File, Format Version 12.00
# Visual Studio 2012
Project("{FAE04EC0-301F-11D3-BF4B-00C04F79EFBC}") = "AD-Dll", "AD-Dll\AD-Dll.csproj", "{6DEC1668-3857-4755-8B2F-CEDE0B0D45C7}"
EndProject
Project("{FAE04EC0-301F-11D3-BF4B-00C04F79EFBC}") = "AD", "AD\AD.csproj", "{712A02CD-C2D2-4192-ADB7-C2EB2A016422}"
EndProject
Global
	GlobalSection(SolutionConfigurationPlatforms) = preSolution
		Debug|Any CPU = Debug|Any CPU
		Release|Any CPU = Release|Any CPU
	EndGlobalSection
	GlobalSection(ProjectConfigurationPlatforms) = postSolution
		{6DEC1668-3857-4755-8B2F-CEDE0B0D45C7}.Debug|Any CPU.ActiveCfg = Debug|Any CPU
		{6DEC1668-3857-4755-8B2F-CEDE0B0D45C7}.Debug|Any CPU.Build.0 = Debug|Any CPU
		{6DEC1668-3857-4755-8B2F-CEDE0B0D45C7}.Release|Any CPU.ActiveCfg = Release|Any CPU
		{6DEC1668-3857-4755-8B2F-CEDE0B0D45C7}.Release|Any CPU.Build.0 = Release|Any CPU
		{712A02CD-C2D2-4192-ADB7-C2EB2A016422}.Debug|Any CPU.ActiveCfg = Debug|Any CPU
		{712A02CD-C2D2-4192-ADB7-C2EB2A016422}.Debug|Any CPU.Build.0 = Debug|Any CPU
		{712A02CD-C2D2-4192-ADB7-C2EB2A016422}.Release|Any CPU.ActiveCfg = Release|Any CPU
		{712A02CD-C2D2-4192-ADB7-C2EB2A016422}.Release|Any CPU.Build.0 = Release|Any CPU
	EndGlobalSection
	GlobalSection(SolutionProperties) = preSolution
		HideSolutionNode = FALSE
	EndGlobalSection
EndGlobal
